// !$*UTF8*$!
{
	archiveVersion = 1;
	classes = {
	};
	objectVersion = 110;
	objects = {

/* Begin PBXBuildFile section */
		EA08C8EA306419A400ACCF24 /* MetalRenderTarget in Frameworks */ = {isa = PBXBuildFile; productRef = EA08C8E9306419A400ACCF24 /* MetalRenderTarget */; };
/* End PBXBuildFile section */

/* Begin PBXContainerItemProxy section */
		EA08C8BF3064192C00ACCF24 /* PBXContainerItemProxy */ = {
			isa = PBXContainerItemProxy;
			containerPortal = EA08C89F3064192400ACCF24 /* Project object */;
			proxyType = 1;
			remoteGlobalIDString = EA08C8A63064192400ACCF24;
			remoteInfo = MetalRenderTargetExample;
		};
/* End PBXContainerItemProxy section */

/* Begin PBXFileReference section */
		EA08C8A73064192400ACCF24 /* MetalRenderTargetExample.app */ = {isa = PBXFileReference; explicitFileType = wrapper.application; includeInIndex = 0; path = MetalRenderTargetExample.app; sourceTree = BUILT_PRODUCTS_DIR; };
		EA08C8BE3064192C00ACCF24 /* MetalRenderTargetExampleTests.xctest */ = {isa = PBXFileReference; explicitFileType = wrapper.cfbundle; includeInIndex = 0; path = MetalRenderTargetExampleTests.xctest; sourceTree = BUILT_PRODUCTS_DIR; };
/* End PBXFileReference section */

/* Begin PBXFileSystemSynchronizedBuildFileExceptionSet section */
		EA08C8C43064192C00ACCF24 /* Exceptions for "MetalRenderTargetExample" folder in "MetalRenderTargetExample" target */ = {
			isa = PBXFileSystemSynchronizedBuildFileExceptionSet;
			membershipExceptions = (
				Info.plist,
			);
			target = EA08C8A63064192400ACCF24 /* MetalRenderTargetExample */;
		};
/* End PBXFileSystemSynchronizedBuildFileExceptionSet section */

/* Begin PBXFileSystemSynchronizedRootGroup section */
		EA08C8A93064192400ACCF24 /* MetalRenderTargetExample */ = {
			isa = PBXFileSystemSynchronizedRootGroup;
			exceptions = (
				EA08C8C43064192C00ACCF24 /* Exceptions for "MetalRenderTargetExample" folder in "MetalRenderTargetExample" target */,
			);
			path = MetalRenderTargetExample;
			sourceTree = "<group>";
		};
		EA08C8C13064192C00ACCF24 /* MetalRenderTargetExampleTests */ = {
			isa = PBXFileSystemSynchronizedRootGroup;
			path = MetalRenderTargetExampleTests;
			sourceTree = "<group>";
		};
/* End PBXFileSystemSynchronizedRootGroup section */

/* Begin PBXFrameworksBuildPhase section */
		EA08C8A43064192400ACCF24 /* Frameworks */ = {
			isa = PBXFrameworksBuildPhase;
			files = (
				EA08C8EA306419A400ACCF24 /* MetalRenderTarget in Frameworks */,
			);
		};
		EA08C8BB3064192C00ACCF24 /* Frameworks */ = {
			isa = PBXFrameworksBuildPhase;
			files = (
			);
		};
/* End PBXFrameworksBuildPhase section */

/* Begin PBXGroup section */
		EA08C89E3064192400ACCF24 = {
			isa = PBXGroup;
			children = (
				EA08C8A93064192400ACCF24 /* MetalRenderTargetExample */,
				EA08C8C13064192C00ACCF24 /* MetalRenderTargetExampleTests */,
				EA08C8A83064192400ACCF24 /* Products */,
			);
			sourceTree = "<group>";
		};
		EA08C8A83064192400ACCF24 /* Products */ = {
			isa = PBXGroup;
			children = (
				EA08C8A73064192400ACCF24 /* MetalRenderTargetExample.app */,
				EA08C8BE3064192C00ACCF24 /* MetalRenderTargetExampleTests.xctest */,
			);
			name = Products;
			sourceTree = "<group>";
		};
/* End PBXGroup section */

/* Begin PBXNativeTarget section */
		EA08C8A63064192400ACCF24 /* MetalRenderTargetExample */ = {
			isa = PBXNativeTarget;
			buildConfigurationList = EA08C8C53064192C00ACCF24 /* Build configuration list for PBXNativeTarget "MetalRenderTargetExample" */;
			buildPhases = (
				EA08C8A33064192400ACCF24 /* Sources */,
				EA08C8A43064192400ACCF24 /* Frameworks */,
				EA08C8A53064192400ACCF24 /* Resources */,
			);
			buildRules = (
			);
			fileSystemSynchronizedGroups = (
				EA08C8A93064192400ACCF24 /* MetalRenderTargetExample */,
			);
			name = MetalRenderTargetExample;
			packageProductDependencies = (
				EA08C8E9306419A400ACCF24 /* MetalRenderTarget */,
			);
			productName = MetalRenderTargetExample;
			productReference = EA08C8A73064192400ACCF24 /* MetalRenderTargetExample.app */;
			productType = "com.apple.product-type.application";
		};
		EA08C8BD3064192C00ACCF24 /* MetalRenderTargetExampleTests */ = {
			isa = PBXNativeTarget;
			buildConfigurationList = EA08C8CA3064192C00ACCF24 /* Build configuration list for PBXNativeTarget "MetalRenderTargetExampleTests" */;
			buildPhases = (
				EA08C8BA3064192C00ACCF24 /* Sources */,
				EA08C8BB3064192C00ACCF24 /* Frameworks */,
				EA08C8BC3064192C00ACCF24 /* Resources */,
			);
			buildRules = (
			);
			dependencies = (
				EA08C8C03064192C00ACCF24 /* PBXTargetDependency */,
			);
			fileSystemSynchronizedGroups = (
				EA08C8C13064192C00ACCF24 /* MetalRenderTargetExampleTests */,
			);
			name = MetalRenderTargetExampleTests;
			productName = MetalRenderTargetExampleTests;
			productReference = EA08C8BE3064192C00ACCF24 /* MetalRenderTargetExampleTests.xctest */;
			productType = "com.apple.product-type.bundle.unit-test";
		};
/* End PBXNativeTarget section */

/* Begin PBXProject section */
		EA08C89F3064192400ACCF24 /* Project object */ = {
			isa = PBXProject;
			attributes = {
				BuildIndependentTargetsInParallel = 1;
				LastSwiftUpdateCheck = 2700;
				LastUpgradeCheck = 2700;
				TargetAttributes = {
					EA08C8A63064192400ACCF24 = {
						CreatedOnToolsVersion = 27.0;
					};
					EA08C8BD3064192C00ACCF24 = {
						CreatedOnToolsVersion = 27.0;
						TestTargetID = EA08C8A63064192400ACCF24;
					};
				};
			};
			buildConfigurationList = EA08C8A23064192400ACCF24 /* Build configuration list for PBXProject "MetalRenderTargetExample" */;
			developmentRegion = en;
			hasScannedForEncodings = 0;
			knownRegions = (
				en,
				Base,
			);
			mainGroup = EA08C89E3064192400ACCF24;
			minimizedProjectReferenceProxies = 1;
			packageReferences = (
				EA08C8E8306419A400ACCF24 /* XCLocalSwiftPackageReference "../../../MetalRenderTarget" */,
			);
			preferredProjectObjectVersion = 77;
			productRefGroup = EA08C8A83064192400ACCF24 /* Products */;
			projectDirPath = "";
			projectRoot = "";
			targets = (
				EA08C8A63064192400ACCF24 /* MetalRenderTargetExample */,
				EA08C8BD3064192C00ACCF24 /* MetalRenderTargetExampleTests */,
			);
		};
/* End PBXProject section */

/* Begin PBXResourcesBuildPhase section */
		EA08C8A53064192400ACCF24 /* Resources */ = {
			isa = PBXResourcesBuildPhase;
			files = (
			);
		};
		EA08C8BC3064192C00ACCF24 /* Resources */ = {
			isa = PBXResourcesBuildPhase;
			files = (
			);
		};
/* End PBXResourcesBuildPhase section */

/* Begin PBXSourcesBuildPhase section */
		EA08C8A33064192400ACCF24 /* Sources */ = {
			isa = PBXSourcesBuildPhase;
			files = (
			);
		};
		EA08C8BA3064192C00ACCF24 /* Sources */ = {
			isa = PBXSourcesBuildPhase;
			files = (
			);
		};
/* End PBXSourcesBuildPhase section */

/* Begin PBXTargetDependency section */
		EA08C8C03064192C00ACCF24 /* PBXTargetDependency */ = {
			isa = PBXTargetDependency;
			target = EA08C8A63064192400ACCF24 /* MetalRenderTargetExample */;
			targetProxy = EA08C8BF3064192C00ACCF24 /* PBXContainerItemProxy */;
		};
/* End PBXTargetDependency section */

/* Begin XCBuildConfiguration section */
		EA08C8C63064192C00ACCF24 /* Debug configuration for PBXNativeTarget "MetalRenderTargetExample" */ = {
			isa = XCBuildConfiguration;
			buildSettings = {
				ASSETCATALOG_COMPILER_APPICON_NAME = AppIcon;
				ASSETCATALOG_COMPILER_GLOBAL_ACCENT_COLOR_NAME = AccentColor;
				CODE_SIGN_STYLE = Automatic;
				CURRENT_PROJECT_VERSION = 1;
				DEVELOPMENT_TEAM = FPZK4WRGW7;
				ENABLE_PREVIEWS = YES;
				GENERATE_INFOPLIST_FILE = YES;
				INFOPLIST_FILE = "$(TARGET_NAME)/Info.plist";
				LD_RUNPATH_SEARCH_PATHS = (
					"$(inherited)",
					"@executable_path/Frameworks",
				);
				MARKETING_VERSION = 1.0;
				PRODUCT_BUNDLE_IDENTIFIER = jp.banjun.MetalRenderTargetExample;
				PRODUCT_NAME = "$(TARGET_NAME)";
				STRING_CATALOG_GENERATE_SYMBOLS = YES;
				SUPPORTED_PLATFORMS = "xros xrsimulator";
				SWIFT_APPROACHABLE_CONCURRENCY = YES;
				SWIFT_DEFAULT_ACTOR_ISOLATION = MainActor;
				SWIFT_EMIT_LOC_STRINGS = YES;
				SWIFT_UPCOMING_FEATURE_MEMBER_IMPORT_VISIBILITY = YES;
				SWIFT_VERSION = 5.0;
				TARGETED_DEVICE_FAMILY = 7;
			};
			name = Debug;
		};
		EA08C8C73064192C00ACCF24 /* Release configuration for PBXNativeTarget "MetalRenderTargetExample" */ = {
			isa = XCBuildConfiguration;
			buildSettings = {
				ASSETCATALOG_COMPILER_APPICON_NAME = AppIcon;
				ASSETCATALOG_COMPILER_GLOBAL_ACCENT_COLOR_NAME = AccentColor;
				CODE_SIGN_STYLE = Automatic;
				CURRENT_PROJECT_VERSION = 1;
				DEVELOPMENT_TEAM = FPZK4WRGW7;
				ENABLE_PREVIEWS = YES;
				GENERATE_INFOPLIST_FILE = YES;
				INFOPLIST_FILE = "$(TARGET_NAME)/Info.plist";
				LD_RUNPATH_SEARCH_PATHS = (
					"$(inherited)",
					"@executable_path/Frameworks",
				);
				MARKETING_VERSION = 1.0;
				PRODUCT_BUNDLE_IDENTIFIER = jp.banjun.MetalRenderTargetExample;
				PRODUCT_NAME = "$(TARGET_NAME)";
				STRING_CATALOG_GENERATE_SYMBOLS = YES;
				SUPPORTED_PLATFORMS = "xros xrsimulator";
				SWIFT_APPROACHABLE_CONCURRENCY = YES;
				SWIFT_DEFAULT_ACTOR_ISOLATION = MainActor;
				SWIFT_EMIT_LOC_STRINGS = YES;
				SWIFT_UPCOMING_FEATURE_MEMBER_IMPORT_VISIBILITY = YES;
				SWIFT_VERSION = 5.0;
				TARGETED_DEVICE_FAMILY = 7;
			};
			name = Release;
		};
		EA08C8C83064192C00ACCF24 /* Debug configuration for PBXProject "MetalRenderTargetExample" */ = {
			isa = XCBuildConfiguration;
			buildSettings = {
				ALWAYS_SEARCH_USER_PATHS = NO;
				ASSETCATALOG_COMPILER_GENERATE_SWIFT_ASSET_SYMBOL_EXTENSIONS = YES;
				CLANG_ANALYZER_NONNULL = YES;
				CLANG_ANALYZER_NUMBER_OBJECT_CONVERSION = YES_AGGRESSIVE;
				CLANG_CXX_LANGUAGE_STANDARD = "gnu++20";
				CLANG_ENABLE_MODULES = YES;
				CLANG_ENABLE_OBJC_ARC = YES;
				CLANG_ENABLE_OBJC_WEAK = YES;
				CLANG_WARN_BLOCK_CAPTURE_AUTORELEASING = YES;
				CLANG_WARN_BOOL_CONVERSION = YES;
				CLANG_WARN_COMMA = YES;
				CLANG_WARN_CONSTANT_CONVERSION = YES;
				CLANG_WARN_DEPRECATED_OBJC_IMPLEMENTATIONS = YES;
				CLANG_WARN_DIRECT_OBJC_ISA_USAGE = YES_ERROR;
				CLANG_WARN_DOCUMENTATION_COMMENTS = YES;
				CLANG_WARN_EMPTY_BODY = YES;
				CLANG_WARN_ENUM_CONVERSION = YES;
				CLANG_WARN_INFINITE_RECURSION = YES;
				CLANG_WARN_INT_CONVERSION = YES;
				CLANG_WARN_NON_LITERAL_NULL_CONVERSION = YES;
				CLANG_WARN_OBJC_IMPLICIT_RETAIN_SELF = YES;
				CLANG_WARN_OBJC_LITERAL_CONVERSION = YES;
				CLANG_WARN_OBJC_ROOT_CLASS = YES_ERROR;
				CLANG_WARN_QUOTED_INCLUDE_IN_FRAMEWORK_HEADER = YES;
				CLANG_WARN_RANGE_LOOP_ANALYSIS = YES;
				CLANG_WARN_STRICT_PROTOTYPES = YES;
				CLANG_WARN_SUSPICIOUS_MOVE = YES;
				CLANG_WARN_UNGUARDED_AVAILABILITY = YES_AGGRESSIVE;
				CLANG_WARN_UNREACHABLE_CODE = YES;
				CLANG_WARN__DUPLICATE_METHOD_MATCH = YES;
				COPY_PHASE_STRIP = NO;
				DEBUG_INFORMATION_FORMAT = dwarf;
				DEVELOPMENT_TEAM = FPZK4WRGW7;
				ENABLE_STRICT_OBJC_MSGSEND = YES;
				ENABLE_TESTABILITY = YES;
				ENABLE_USER_SCRIPT_SANDBOXING = YES;
				GCC_C_LANGUAGE_STANDARD = gnu17;
				GCC_DYNAMIC_NO_PIC = NO;
				GCC_NO_COMMON_BLOCKS = YES;
				GCC_OPTIMIZATION_LEVEL = 0;
				GCC_PREPROCESSOR_DEFINITIONS = (
					"DEBUG=1",
					"$(inherited)",
				);
				GCC_WARN_64_TO_32_BIT_CONVERSION = YES;
				GCC_WARN_ABOUT_RETURN_TYPE = YES_ERROR;
				GCC_WARN_UNDECLARED_SELECTOR = YES;
				GCC_WARN_UNINITIALIZED_AUTOS = YES_AGGRESSIVE;
				GCC_WARN_UNUSED_FUNCTION = YES;
				GCC_WARN_UNUSED_VARIABLE = YES;
				LOCALIZATION_PREFERS_STRING_CATALOGS = YES;
				MTL_ENABLE_DEBUG_INFO = INCLUDE_SOURCE;
				MTL_FAST_MATH = YES;
				ONLY_ACTIVE_ARCH = YES;
				SDKROOT = xros;
				SWIFT_ACTIVE_COMPILATION_CONDITIONS = "DEBUG $(inherited)";
				SWIFT_OPTIMIZATION_LEVEL = "-Onone";
				XROS_DEPLOYMENT_TARGET = 27.0;
			};
			name = Debug;
		};
		EA08C8C93064192C00ACCF24 /* Release configuration for PBXProject "MetalRenderTargetExample" */ = {
			isa = XCBuildConfiguration;
			buildSettings = {
				ALWAYS_SEARCH_USER_PATHS = NO;
				ASSETCATALOG_COMPILER_GENERATE_SWIFT_ASSET_SYMBOL_EXTENSIONS = YES;
				CLANG_ANALYZER_NONNULL = YES;
				CLANG_ANALYZER_NUMBER_OBJECT_CONVERSION = YES_AGGRESSIVE;
				CLANG_CXX_LANGUAGE_STANDARD = "gnu++20";
				CLANG_ENABLE_MODULES = YES;
				CLANG_ENABLE_OBJC_ARC = YES;
				CLANG_ENABLE_OBJC_WEAK = YES;
				CLANG_WARN_BLOCK_CAPTURE_AUTORELEASING = YES;
				CLANG_WARN_BOOL_CONVERSION = YES;
				CLANG_WARN_COMMA = YES;
				CLANG_WARN_CONSTANT_CONVERSION = YES;
				CLANG_WARN_DEPRECATED_OBJC_IMPLEMENTATIONS = YES;
				CLANG_WARN_DIRECT_OBJC_ISA_USAGE = YES_ERROR;
				CLANG_WARN_DOCUMENTATION_COMMENTS = YES;
				CLANG_WARN_EMPTY_BODY = YES;
				CLANG_WARN_ENUM_CONVERSION = YES;
				CLANG_WARN_INFINITE_RECURSION = YES;
				CLANG_WARN_INT_CONVERSION = YES;
				CLANG_WARN_NON_LITERAL_NULL_CONVERSION = YES;
				CLANG_WARN_OBJC_IMPLICIT_RETAIN_SELF = YES;
				CLANG_WARN_OBJC_LITERAL_CONVERSION = YES;
				CLANG_WARN_OBJC_ROOT_CLASS = YES_ERROR;
				CLANG_WARN_QUOTED_INCLUDE_IN_FRAMEWORK_HEADER = YES;
				CLANG_WARN_RANGE_LOOP_ANALYSIS = YES;
				CLANG_WARN_STRICT_PROTOTYPES = YES;
				CLANG_WARN_SUSPICIOUS_MOVE = YES;
				CLANG_WARN_UNGUARDED_AVAILABILITY = YES_AGGRESSIVE;
				CLANG_WARN_UNREACHABLE_CODE = YES;
				CLANG_WARN__DUPLICATE_METHOD_MATCH = YES;
				COPY_PHASE_STRIP = NO;
				DEBUG_INFORMATION_FORMAT = "dwarf-with-dsym";
				DEVELOPMENT_TEAM = FPZK4WRGW7;
				ENABLE_NS_ASSERTIONS = NO;
				ENABLE_STRICT_OBJC_MSGSEND = YES;
				ENABLE_USER_SCRIPT_SANDBOXING = YES;
				GCC_C_LANGUAGE_STANDARD = gnu17;
				GCC_NO_COMMON_BLOCKS = YES;
				GCC_WARN_64_TO_32_BIT_CONVERSION = YES;
				GCC_WARN_ABOUT_RETURN_TYPE = YES_ERROR;
				GCC_WARN_UNDECLARED_SELECTOR = YES;
				GCC_WARN_UNINITIALIZED_AUTOS = YES_AGGRESSIVE;
				GCC_WARN_UNUSED_FUNCTION = YES;
				GCC_WARN_UNUSED_VARIABLE = YES;
				LOCALIZATION_PREFERS_STRING_CATALOGS = YES;
				MTL_ENABLE_DEBUG_INFO = NO;
				MTL_FAST_MATH = YES;
				SDKROOT = xros;
				SWIFT_COMPILATION_MODE = wholemodule;
				VALIDATE_PRODUCT = YES;
				XROS_DEPLOYMENT_TARGET = 27.0;
			};
			name = Release;
		};
		EA08C8CB3064192C00ACCF24 /* Debug configuration for PBXNativeTarget "MetalRenderTargetExampleTests" */ = {
			isa = XCBuildConfiguration;
			buildSettings = {
				BUNDLE_LOADER = "$(TEST_HOST)";
				CODE_SIGN_STYLE = Automatic;
				CURRENT_PROJECT_VERSION = 1;
				DEVELOPMENT_TEAM = FPZK4WRGW7;
				GENERATE_INFOPLIST_FILE = YES;
				MARKETING_VERSION = 1.0;
				PRODUCT_BUNDLE_IDENTIFIER = jp.banjun.MetalRenderTargetExampleTests;
				PRODUCT_NAME = "$(TARGET_NAME)";
				STRING_CATALOG_GENERATE_SYMBOLS = NO;
				SUPPORTED_PLATFORMS = "xros xrsimulator";
				SWIFT_APPROACHABLE_CONCURRENCY = YES;
				SWIFT_EMIT_LOC_STRINGS = NO;
				SWIFT_UPCOMING_FEATURE_MEMBER_IMPORT_VISIBILITY = YES;
				SWIFT_VERSION = 5.0;
				TARGETED_DEVICE_FAMILY = 7;
				TEST_HOST = "$(BUILT_PRODUCTS_DIR)/MetalRenderTargetExample.app/$(BUNDLE_EXECUTABLE_FOLDER_PATH)/MetalRenderTargetExample";
				XROS_DEPLOYMENT_TARGET = 27.0;
			};
			name = Debug;
		};
		EA08C8CC3064192C00ACCF24 /* Release configuration for PBXNativeTarget "MetalRenderTargetExampleTests" */ = {
			isa = XCBuildConfiguration;
			buildSettings = {
				BUNDLE_LOADER = "$(TEST_HOST)";
				CODE_SIGN_STYLE = Automatic;
				CURRENT_PROJECT_VERSION = 1;
				DEVELOPMENT_TEAM = FPZK4WRGW7;
				GENERATE_INFOPLIST_FILE = YES;
				MARKETING_VERSION = 1.0;
				PRODUCT_BUNDLE_IDENTIFIER = jp.banjun.MetalRenderTargetExampleTests;
				PRODUCT_NAME = "$(TARGET_NAME)";
				STRING_CATALOG_GENERATE_SYMBOLS = NO;
				SUPPORTED_PLATFORMS = "xros xrsimulator";
				SWIFT_APPROACHABLE_CONCURRENCY = YES;
				SWIFT_EMIT_LOC_STRINGS = NO;
				SWIFT_UPCOMING_FEATURE_MEMBER_IMPORT_VISIBILITY = YES;
				SWIFT_VERSION = 5.0;
				TARGETED_DEVICE_FAMILY = 7;
				TEST_HOST = "$(BUILT_PRODUCTS_DIR)/MetalRenderTargetExample.app/$(BUNDLE_EXECUTABLE_FOLDER_PATH)/MetalRenderTargetExample";
				XROS_DEPLOYMENT_TARGET = 27.0;
			};
			name = Release;
		};
/* End XCBuildConfiguration section */

/* Begin XCConfigurationList section */
		EA08C8A23064192400ACCF24 /* Build configuration list for PBXProject "MetalRenderTargetExample" */ = {
			isa = XCConfigurationList;
			buildConfigurations = (
				EA08C8C83064192C00ACCF24 /* Debug configuration for PBXProject "MetalRenderTargetExample" */,
				EA08C8C93064192C00ACCF24 /* Release configuration for PBXProject "MetalRenderTargetExample" */,
			);
			defaultConfigurationName = Release;
		};
		EA08C8C53064192C00ACCF24 /* Build configuration list for PBXNativeTarget "MetalRenderTargetExample" */ = {
			isa = XCConfigurationList;
			buildConfigurations = (
				EA08C8C63064192C00ACCF24 /* Debug configuration for PBXNativeTarget "MetalRenderTargetExample" */,
				EA08C8C73064192C00ACCF24 /* Release configuration for PBXNativeTarget "MetalRenderTargetExample" */,
			);
			defaultConfigurationName = Release;
		};
		EA08C8CA3064192C00ACCF24 /* Build configuration list for PBXNativeTarget "MetalRenderTargetExampleTests" */ = {
			isa = XCConfigurationList;
			buildConfigurations = (
				EA08C8CB3064192C00ACCF24 /* Debug configuration for PBXNativeTarget "MetalRenderTargetExampleTests" */,
				EA08C8CC3064192C00ACCF24 /* Release configuration for PBXNativeTarget "MetalRenderTargetExampleTests" */,
			);
			defaultConfigurationName = Release;
		};
/* End XCConfigurationList section */

/* Begin XCLocalSwiftPackageReference section */
		EA08C8E8306419A400ACCF24 /* XCLocalSwiftPackageReference "../../../MetalRenderTarget" */ = {
			isa = XCLocalSwiftPackageReference;
			relativePath = ../../../MetalRenderTarget;
		};
/* End XCLocalSwiftPackageReference section */

/* Begin XCSwiftPackageProductDependency section */
		EA08C8E9306419A400ACCF24 /* MetalRenderTarget */ = {
			isa = XCSwiftPackageProductDependency;
			productName = MetalRenderTarget;
		};
/* End XCSwiftPackageProductDependency section */
	};
	rootObject = EA08C89F3064192400ACCF24 /* Project object */;
	validationLevel = 1;
}
